// !$*UTF8*$!
{
	archiveVersion = 1;
	classes = {
	};
	objectVersion = 50;
	objects = {

/* Begin PBXBuildFile section */
		496133E125CB9FD900C26CD3 /* AppDelegate.swift in Sources */ = {isa = PBXBuildFile; fileRef = 496133E025CB9FD900C26CD3 /* AppDelegate.swift */; };
		496133E325CB9FD900C26CD3 /* SceneDelegate.swift in Sources */ = {isa = PBXBuildFile; fileRef = 496133E225CB9FD900C26CD3 /* SceneDelegate.swift */; };
		496133E525CB9FD900C26CD3 /* ViewController.swift in Sources */ = {isa = PBXBuildFile; fileRef = 496133E425CB9FD900C26CD3 /* ViewController.swift */; };
		496133E825CB9FD900C26CD3 /* Main.storyboard in Resources */ = {isa = PBXBuildFile; fileRef = 496133E625CB9FD900C26CD3 /* Main.storyboard */; };
		496133EA25CB9FDB00C26CD3 /* Assets.xcassets in Resources */ = {isa = PBXBuildFile; fileRef = 496133E925CB9FDB00C26CD3 /* Assets.xcassets */; };
		496133ED25CB9FDB00C26CD3 /* LaunchScreen.storyboard in Resources */ = {isa = PBXBuildFile; fileRef = 496133EB25CB9FDB00C26CD3 /* LaunchScreen.storyboard */; };
		496133F925CBA16000C26CD3 /* lamp_off.png in Resources */ = {isa = PBXBuildFile; fileRef = 496133F725CBA16000C26CD3 /* lamp_off.png */; };
		496133FA25CBA16000C26CD3 /* lamp_on.png in Resources */ = {isa = PBXBuildFile; fileRef = 496133F825CBA16000C26CD3 /* lamp_on.png */; };
/* End PBXBuildFile section */

/* Begin PBXFileReference section */
		496133DD25CB9FD900C26CD3 /* Quiz051_imageView.app */ = {isa = PBXFileReference; explicitFileType = wrapper.application; includeInIndex = 0; path = Quiz051_imageView.app; sourceTree = BUILT_PRODUCTS_DIR; };
		496133E025CB9FD900C26CD3 /* AppDelegate.swift */ = {isa = PBXFileReference; lastKnownFileType = sourcecode.swift; path = AppDelegate.swift; sourceTree = "<group>"; };
		496133E225CB9FD900C26CD3 /* SceneDelegate.swift */ = {isa = PBXFileReference; lastKnownFileType = sourcecode.swift; path = SceneDelegate.swift; sourceTree = "<group>"; };
		496133E425CB9FD900C26CD3 /* ViewController.swift */ = {isa = PBXFileReference; lastKnownFileType = sourcecode.swift; path = ViewController.swift; sourceTree = "<group>"; };
		496133E725CB9FD900C26CD3 /* Base */ = {isa = PBXFileReference; lastKnownFileType = file.storyboard; name = Base; path = Base.lproj/Main.storyboard; sourceTree = "<group>"; };
		496133E925CB9FDB00C26CD3 /* Assets.xcassets */ = {isa = PBXFileReference; lastKnownFileType = folder.assetcatalog; path = Assets.xcassets; sourceTree = "<group>"; };
		496133EC25CB9FDB00C26CD3 /* Base */ = {isa = PBXFileReference; lastKnownFileType = file.storyboard; name = Base; path = Base.lproj/LaunchScreen.storyboard; sourceTree = "<group>"; };
		496133EE25CB9FDB00C26CD3 /* Info.plist */ = {isa = PBXFileReference; lastKnownFileType = text.plist.xml; path = Info.plist; sourceTree = "<group>"; };
		496133F725CBA16000C26CD3 /* lamp_off.png */ = {isa = PBXFileReference; lastKnownFileType = image.png; path = lamp_off.png; sourceTree = "<group>"; };
		496133F825CBA16000C26CD3 /* lamp_on.png */ = {isa = PBXFileReference; lastKnownFileType = image.png; path = lamp_on.png; sourceTree = "<group>"; };
/* End PBXFileReference section */

/* Begin PBXFrameworksBuildPhase section */
		496133DA25CB9FD900C26CD3 /* Frameworks */ = {
			isa = PBXFrameworksBuildPhase;
			buildActionMask = 2147483647;
			files = (
			);
			runOnlyForDeploymentPostprocessing = 0;
		};
/* End PBXFrameworksBuildPhase section */

/* Begin PBXGroup section */
		496133D425CB9FD900C26CD3 = {
			isa = PBXGroup;
			children = (
				496133DF25CB9FD900C26CD3 /* Quiz051_imageView */,
				496133DE25CB9FD900C26CD3 /* Products */,
			);
			sourceTree = "<group>";
		};
		496133DE25CB9FD900C26CD3 /* Products */ = {
			isa = PBXGroup;
			children = (
				496133DD25CB9FD900C26CD3 /* Quiz051_imageView.app */,
			);
			name = Products;
			sourceTree = "<group>";
		};
		496133DF25CB9FD900C26CD3 /* Quiz051_imageView */ = {
			isa = PBXGroup;
			children = (
				496133F625CBA15400C26CD3 /* images */,
				496133E025CB9FD900C26CD3 /* AppDelegate.swift */,
				496133E225CB9FD900C26CD3 /* SceneDelegate.swift */,
				496133E425CB9FD900C26CD3 /* ViewController.swift */,
				496133E625CB9FD900C26CD3 /* Main.storyboard */,
				496133E925CB9FDB00C26CD3 /* Assets.xcassets */,
				496133EB25CB9FDB00C26CD3 /* LaunchScreen.storyboard */,
				496133EE25CB9FDB00C26CD3 /* Info.plist */,
			);
			path = Quiz051_imageView;
			sourceTree = "<group>";
		};
		496133F625CBA15400C26CD3 /* images */ = {
			isa = PBXGroup;
			children = (
				496133F725CBA16000C26CD3 /* lamp_off.png */,
				496133F825CBA16000C26CD3 /* lamp_on.png */,
			);
			path = images;
			sourceTree = "<group>";
		};
/* End PBXGroup section */

/* Begin PBXNativeTarget section */
		496133DC25CB9FD900C26CD3 /* Quiz051_imageView */ = {
			isa = PBXNativeTarget;
			buildConfigurationList = 496133F125CB9FDB00C26CD3 /* Build configuration list for PBXNativeTarget "Quiz051_imageView" */;
			buildPhases = (
				496133D925CB9FD900C26CD3 /* Sources */,
				496133DA25CB9FD900C26CD3 /* Frameworks */,
				496133DB25CB9FD900C26CD3 /* Resources */,
			);
			buildRules = (
			);
			dependencies = (
			);
			name = Quiz051_imageView;
			productName = Quiz051_imageView;
			productReference = 496133DD25CB9FD900C26CD3 /* Quiz051_imageView.app */;
			productType = "com.apple.product-type.application";
		};
/* End PBXNativeTarget section */

/* Begin PBXProject section */
		496133D525CB9FD900C26CD3 /* Project object */ = {
			isa = PBXProject;
			attributes = {
				LastSwiftUpdateCheck = 1240;
				LastUpgradeCheck = 1240;
				TargetAttributes = {
					496133DC25CB9FD900C26CD3 = {
						CreatedOnToolsVersion = 12.4;
					};
				};
			};
			buildConfigurationList = 496133D825CB9FD900C26CD3 /* Build configuration list for PBXProject "Quiz051_imageView" */;
			compatibilityVersion = "Xcode 9.3";
			developmentRegion = en;
			hasScannedForEncodings = 0;
			knownRegions = (
				en,
				Base,
			);
			mainGroup = 496133D425CB9FD900C26CD3;
			productRefGroup = 496133DE25CB9FD900C26CD3 /* Products */;
			projectDirPath = "";
			projectRoot = "";
			targets = (
				496133DC25CB9FD900C26CD3 /* Quiz051_imageView */,
			);
		};
/* End PBXProject section */

/* Begin PBXResourcesBuildPhase section */
		496133DB25CB9FD900C26CD3 /* Resources */ = {
			isa = PBXResourcesBuildPhase;
			buildActionMask = 2147483647;
			files = (
				496133ED25CB9FDB00C26CD3 /* LaunchScreen.storyboard in Resources */,
				496133EA25CB9FDB00C26CD3 /* Assets.xcassets in Resources */,
				496133FA25CBA16000C26CD3 /* lamp_on.png in Resources */,
				496133E825CB9FD900C26CD3 /* Main.storyboard in Resources */,
				496133F925CBA16000C26CD3 /* lamp_off.png in Resources */,
			);
			runOnlyForDeploymentPostprocessing = 0;
		};
/* End PBXResourcesBuildPhase section */

/* Begin PBXSourcesBuildPhase section */
		496133D925CB9FD900C26CD3 /* Sources */ = {
			isa = PBXSourcesBuildPhase;
			buildActionMask = 2147483647;
			files = (
				496133E525CB9FD900C26CD3 /* ViewController.swift in Sources */,
				496133E125CB9FD900C26CD3 /* AppDelegate.swift in Sources */,
				496133E325CB9FD900C26CD3 /* SceneDelegate.swift in Sources */,
			);
			runOnlyForDeploymentPostprocessing = 0;
		};
/* End PBXSourcesBuildPhase section */

/* Begin PBXVariantGroup section */
		496133E625CB9FD900C26CD3 /* Main.storyboard */ = {
			isa = PBXVariantGroup;
			children = (
				496133E725CB9FD900C26CD3 /* Base */,
			);
			name = Main.storyboard;
			sourceTree = "<group>";
		};
		496133EB25CB9FDB00C26CD3 /* LaunchScreen.storyboard */ = {
			isa = PBXVariantGroup;
			children = (
				496133EC25CB9FDB00C26CD3 /* Base */,
			);
			name = LaunchScreen.storyboard;
			sourceTree = "<group>";
		};
/* End PBXVariantGroup section */

/* Begin XCBuildConfiguration section */
		496133EF25CB9FDB00C26CD3 /* Debug */ = {
			isa = XCBuildConfiguration;
			buildSettings = {
				ALWAYS_SEARCH_USER_PATHS = NO;
				CLANG_ANALYZER_NONNULL = YES;
				CLANG_ANALYZER_NUMBER_OBJECT_CONVERSION = YES_AGGRESSIVE;
				CLANG_CXX_LANGUAGE_STANDARD = "gnu++14";
				CLANG_CXX_LIBRARY = "libc++";
				CLANG_ENABLE_MODULES = YES;
				CLANG_ENABLE_OBJC_ARC = YES;
				CLANG_ENABLE_OBJC_WEAK = YES;
				CLANG_WARN_BLOCK_CAPTURE_AUTORELEASING = YES;
				CLANG_WARN_BOOL_CONVERSION = YES;
				CLANG_WARN_COMMA = YES;
				CLANG_WARN_CONSTANT_CONVERSION = YES;
				CLANG_WARN_DEPRECATED_OBJC_IMPLEMENTATIONS = YES;
				CLANG_WARN_DIRECT_OBJC_ISA_USAGE = YES_ERROR;
				CLANG_WARN_DOCUMENTATION_COMMENTS = YES;
				CLANG_WARN_EMPTY_BODY = YES;
				CLANG_WARN_ENUM_CONVERSION = YES;
				CLANG_WARN_INFINITE_RECURSION = YES;
				CLANG_WARN_INT_CONVERSION = YES;
				CLANG_WARN_NON_LITERAL_NULL_CONVERSION = YES;
				CLANG_WARN_OBJC_IMPLICIT_RETAIN_SELF = YES;
				CLANG_WARN_OBJC_LITERAL_CONVERSION = YES;
				CLANG_WARN_OBJC_ROOT_CLASS = YES_ERROR;
				CLANG_WARN_QUOTED_INCLUDE_IN_FRAMEWORK_HEADER = YES;
				CLANG_WARN_RANGE_LOOP_ANALYSIS = YES;
				CLANG_WARN_STRICT_PROTOTYPES = YES;
				CLANG_WARN_SUSPICIOUS_MOVE = YES;
				CLANG_WARN_UNGUARDED_AVAILABILITY = YES_AGGRESSIVE;
				CLANG_WARN_UNREACHABLE_CODE = YES;
				CLANG_WARN__DUPLICATE_METHOD_MATCH = YES;
				COPY_PHASE_STRIP = NO;
				DEBUG_INFORMATION_FORMAT = dwarf;
				ENABLE_STRICT_OBJC_MSGSEND = YES;
				ENABLE_TESTABILITY = YES;
				GCC_C_LANGUAGE_STANDARD = gnu11;
				GCC_DYNAMIC_NO_PIC = NO;
				GCC_NO_COMMON_BLOCKS = YES;
				GCC_OPTIMIZATION_LEVEL = 0;
				GCC_PREPROCESSOR_DEFINITIONS = (
					"DEBUG=1",
					"$(inherited)",
				);
				GCC_WARN_64_TO_32_BIT_CONVERSION = YES;
				GCC_WARN_ABOUT_RETURN_TYPE = YES_ERROR;
				GCC_WARN_UNDECLARED_SELECTOR = YES;
				GCC_WARN_UNINITIALIZED_AUTOS = YES_AGGRESSIVE;
				GCC_WARN_UNUSED_FUNCTION = YES;
				GCC_WARN_UNUSED_VARIABLE = YES;
				IPHONEOS_DEPLOYMENT_TARGET = 14.4;
				MTL_ENABLE_DEBUG_INFO = INCLUDE_SOURCE;
				MTL_FAST_MATH = YES;
				ONLY_ACTIVE_ARCH = YES;
				SDKROOT = iphoneos;
				SWIFT_ACTIVE_COMPILATION_CONDITIONS = DEBUG;
				SWIFT_OPTIMIZATION_LEVEL = "-Onone";
			};
			name = Debug;
		};
		496133F025CB9FDB00C26CD3 /* Release */ = {
			isa = XCBuildConfiguration;
			buildSettings = {
				ALWAYS_SEARCH_USER_PATHS = NO;
				CLANG_ANALYZER_NONNULL = YES;
				CLANG_ANALYZER_NUMBER_OBJECT_CONVERSION = YES_AGGRESSIVE;
				CLANG_CXX_LANGUAGE_STANDARD = "gnu++14";
				CLANG_CXX_LIBRARY = "libc++";
				CLANG_ENABLE_MODULES = YES;
				CLANG_ENABLE_OBJC_ARC = YES;
				CLANG_ENABLE_OBJC_WEAK = YES;
				CLANG_WARN_BLOCK_CAPTURE_AUTORELEASING = YES;
				CLANG_WARN_BOOL_CONVERSION = YES;
				CLANG_WARN_COMMA = YES;
				CLANG_WARN_CONSTANT_CONVERSION = YES;
				CLANG_WARN_DEPRECATED_OBJC_IMPLEMENTATIONS = YES;
				CLANG_WARN_DIRECT_OBJC_ISA_USAGE = YES_ERROR;
				CLANG_WARN_DOCUMENTATION_COMMENTS = YES;
				CLANG_WARN_EMPTY_BODY = YES;
				CLANG_WARN_ENUM_CONVERSION = YES;
				CLANG_WARN_INFINITE_RECURSION = YES;
				CLANG_WARN_INT_CONVERSION = YES;
				CLANG_WARN_NON_LITERAL_NULL_CONVERSION = YES;
				CLANG_WARN_OBJC_IMPLICIT_RETAIN_SELF = YES;
				CLANG_WARN_OBJC_LITERAL_CONVERSION = YES;
				CLANG_WARN_OBJC_ROOT_CLASS = YES_ERROR;
				CLANG_WARN_QUOTED_INCLUDE_IN_FRAMEWORK_HEADER = YES;
				CLANG_WARN_RANGE_LOOP_ANALYSIS = YES;
				CLANG_WARN_STRICT_PROTOTYPES = YES;
				CLANG_WARN_SUSPICIOUS_MOVE = YES;
				CLANG_WARN_UNGUARDED_AVAILABILITY = YES_AGGRESSIVE;
				CLANG_WARN_UNREACHABLE_CODE = YES;
				CLANG_WARN__DUPLICATE_METHOD_MATCH = YES;
				COPY_PHASE_STRIP = NO;
				DEBUG_INFORMATION_FORMAT = "dwarf-with-dsym";
				ENABLE_NS_ASSERTIONS = NO;
				ENABLE_STRICT_OBJC_MSGSEND = YES;
				GCC_C_LANGUAGE_STANDARD = gnu11;
				GCC_NO_COMMON_BLOCKS = YES;
				GCC_WARN_64_TO_32_BIT_CONVERSION = YES;
				GCC_WARN_ABOUT_RETURN_TYPE = YES_ERROR;
				GCC_WARN_UNDECLARED_SELECTOR = YES;
				GCC_WARN_UNINITIALIZED_AUTOS = YES_AGGRESSIVE;
				GCC_WARN_UNUSED_FUNCTION = YES;
				GCC_WARN_UNUSED_VARIABLE = YES;
				IPHONEOS_DEPLOYMENT_TARGET = 14.4;
				MTL_ENABLE_DEBUG_INFO = NO;
				MTL_FAST_MATH = YES;
				SDKROOT = iphoneos;
				SWIFT_COMPILATION_MODE = wholemodule;
				SWIFT_OPTIMIZATION_LEVEL = "-O";
				VALIDATE_PRODUCT = YES;
			};
			name = Release;
		};
		496133F225CB9FDB00C26CD3 /* Debug */ = {
			isa = XCBuildConfiguration;
			buildSettings = {
				ASSETCATALOG_COMPILER_APPICON_NAME = AppIcon;
				ASSETCATALOG_COMPILER_GLOBAL_ACCENT_COLOR_NAME = AccentColor;
				CODE_SIGN_STYLE = Automatic;
				DEVELOPMENT_TEAM = GDKDK6KP5Z;
				INFOPLIST_FILE = Quiz051_imageView/Info.plist;
				LD_RUNPATH_SEARCH_PATHS = (
					"$(inherited)",
					"@executable_path/Frameworks",
				);
				PRODUCT_BUNDLE_IDENTIFIER = "com.swiftlec.Quiz051-imageView";
				PRODUCT_NAME = "$(TARGET_NAME)";
				SWIFT_VERSION = 5.0;
				TARGETED_DEVICE_FAMILY = 1;
			};
			name = Debug;
		};
		496133F325CB9FDB00C26CD3 /* Release */ = {
			isa = XCBuildConfiguration;
			buildSettings = {
				ASSETCATALOG_COMPILER_APPICON_NAME = AppIcon;
				ASSETCATALOG_COMPILER_GLOBAL_ACCENT_COLOR_NAME = AccentColor;
				CODE_SIGN_STYLE = Automatic;
				DEVELOPMENT_TEAM = GDKDK6KP5Z;
				INFOPLIST_FILE = Quiz051_imageView/Info.plist;
				LD_RUNPATH_SEARCH_PATHS = (
					"$(inherited)",
					"@executable_path/Frameworks",
				);
				PRODUCT_BUNDLE_IDENTIFIER = "com.swiftlec.Quiz051-imageView";
				PRODUCT_NAME = "$(TARGET_NAME)";
				SWIFT_VERSION = 5.0;
				TARGETED_DEVICE_FAMILY = 1;
			};
			name = Release;
		};
/* End XCBuildConfiguration section */

/* Begin XCConfigurationList section */
		496133D825CB9FD900C26CD3 /* Build configuration list for PBXProject "Quiz051_imageView" */ = {
			isa = XCConfigurationList;
			buildConfigurations = (
				496133EF25CB9FDB00C26CD3 /* Debug */,
				496133F025CB9FDB00C26CD3 /* Release */,
			);
			defaultConfigurationIsVisible = 0;
			defaultConfigurationName = Release;
		};
		496133F125CB9FDB00C26CD3 /* Build configuration list for PBXNativeTarget "Quiz051_imageView" */ = {
			isa = XCConfigurationList;
			buildConfigurations = (
				496133F225CB9FDB00C26CD3 /* Debug */,
				496133F325CB9FDB00C26CD3 /* Release */,
			);
			defaultConfigurationIsVisible = 0;
			defaultConfigurationName = Release;
		};
/* End XCConfigurationList section */
	};
	rootObject = 496133D525CB9FD900C26CD3 /* Project object */;
}
